
Microsoft Visual Studio Solution File, Format Version 12.00
# Visual Studio Version 17
VisualStudioVersion = 17.5.001.0
MinimumVisualStudioVersion = 10.0.40219.1
Project("{9A19103F-16F7-4668-BE54-9A1E7A4F7556}") = "MyFristBlazorApp", "MyFristBlazorApp.csproj", "{4F3EC478-2A18-4940-9165-0554871FDD82}"
EndProject
Global
	GlobalSection(SolutionConfigurationPlatforms) = preSolution
		Debug|Any CPU = Debug|Any CPU
		Release|Any CPU = Release|Any CPU
	EndGlobalSection
	GlobalSection(ProjectConfigurationPlatforms) = postSolution
		{4F3EC478-2A18-4940-9165-0554871FDD82}.Debug|Any CPU.ActiveCfg = Debug|Any CPU
		{4F3EC478-2A18-4940-9165-0554871FDD82}.Debug|Any CPU.Build.0 = Debug|Any CPU
		{4F3EC478-2A18-4940-9165-0554871FDD82}.Release|Any CPU.ActiveCfg = Release|Any CPU
		{4F3EC478-2A18-4940-9165-0554871FDD82}.Release|Any CPU.Build.0 = Release|Any CPU
	EndGlobalSection
	GlobalSection(SolutionProperties) = preSolution
		HideSolutionNode = FALSE
	EndGlobalSection
	GlobalSection(ExtensibilityGlobals) = postSolution
		SolutionGuid = {88E79306-3FD0-4E77-91A6-187A0469ED72}
	EndGlobalSection
EndGlobal
